
Microsoft Visual Studio Solution File, Format Version 12.00
Project("{FAE04EC0-301F-11D3-BF4B-00C04F79EFBC}") = "FlowChat", "FlowChat\FlowChat.csproj", "{54B7009B-47EA-4B18-839F-9BB0AE6D4090}"
EndProject
Project("{2150E333-8FDC-42A3-9474-1A3956D46DE8}") = "Solution Items", "Solution Items", "{5372A802-0FBB-42E6-95F7-F1E91BA87343}"
	ProjectSection(SolutionItems) = preProject
		compose.yaml = compose.yaml
		.env = .env
	EndProjectSection
EndProject
Global
	GlobalSection(SolutionConfigurationPlatforms) = preSolution
		Debug|Any CPU = Debug|Any CPU
		Release|Any CPU = Release|Any CPU
	EndGlobalSection
	GlobalSection(ProjectConfigurationPlatforms) = postSolution
		{54B7009B-47EA-4B18-839F-9BB0AE6D4090}.Debug|Any CPU.ActiveCfg = Debug|Any CPU
		{54B7009B-47EA-4B18-839F-9BB0AE6D4090}.Debug|Any CPU.Build.0 = Debug|Any CPU
		{54B7009B-47EA-4B18-839F-9BB0AE6D4090}.Release|Any CPU.ActiveCfg = Release|Any CPU
		{54B7009B-47EA-4B18-839F-9BB0AE6D4090}.Release|Any CPU.Build.0 = Release|Any CPU
	EndGlobalSection
EndGlobal
